
Microsoft Visual Studio Solution File, Format Version 12.00
# Visual Studio Version 17
VisualStudioVersion = 17.10.35013.160
MinimumVisualStudioVersion = 10.0.40219.1
Project("{FAE04EC0-301F-11D3-BF4B-00C04F79EFBC}") = "WebApplication1", "WebApplication1.csproj", "{6B90D0B2-DDDD-430B-8656-26511E32D27D}"
EndProject
Global
	GlobalSection(SolutionConfigurationPlatforms) = preSolution
		Debug|Any CPU = Debug|Any CPU
		Release|Any CPU = Release|Any CPU
	EndGlobalSection
	GlobalSection(ProjectConfigurationPlatforms) = postSolution
		{6B90D0B2-DDDD-430B-8656-26511E32D27D}.Debug|Any CPU.ActiveCfg = Debug|Any CPU
		{6B90D0B2-DDDD-430B-8656-26511E32D27D}.Debug|Any CPU.Build.0 = Debug|Any CPU
		{6B90D0B2-DDDD-430B-8656-26511E32D27D}.Release|Any CPU.ActiveCfg = Release|Any CPU
		{6B90D0B2-DDDD-430B-8656-26511E32D27D}.Release|Any CPU.Build.0 = Release|Any CPU
	EndGlobalSection
	GlobalSection(SolutionProperties) = preSolution
		HideSolutionNode = FALSE
	EndGlobalSection
	GlobalSection(ExtensibilityGlobals) = postSolution
		SolutionGuid = {D8314A41-3D9F-4D8C-B3B4-455748D048E0}
	EndGlobalSection
EndGlobal
